
Microsoft Visual Studio Solution File, Format Version 12.00
# Visual Studio Version 17
VisualStudioVersion = 17.4.33110.190
MinimumVisualStudioVersion = 10.0.40219.1
Project("{FAE04EC0-301F-11D3-BF4B-00C04F79EFBC}") = "FirstMachineLearningProject", "FirstMachineLearningProject\FirstMachineLearningProject.csproj", "{A7E6A3A2-7563-4C9D-AC59-B7FE77617A3D}"
EndProject
Global
	GlobalSection(SolutionConfigurationPlatforms) = preSolution
		Debug|Any CPU = Debug|Any CPU
		Release|Any CPU = Release|Any CPU
	EndGlobalSection
	GlobalSection(ProjectConfigurationPlatforms) = postSolution
		{A7E6A3A2-7563-4C9D-AC59-B7FE77617A3D}.Debug|Any CPU.ActiveCfg = Debug|Any CPU
		{A7E6A3A2-7563-4C9D-AC59-B7FE77617A3D}.Debug|Any CPU.Build.0 = Debug|Any CPU
		{A7E6A3A2-7563-4C9D-AC59-B7FE77617A3D}.Release|Any CPU.ActiveCfg = Release|Any CPU
		{A7E6A3A2-7563-4C9D-AC59-B7FE77617A3D}.Release|Any CPU.Build.0 = Release|Any CPU
	EndGlobalSection
	GlobalSection(SolutionProperties) = preSolution
		HideSolutionNode = FALSE
	EndGlobalSection
	GlobalSection(ExtensibilityGlobals) = postSolution
		SolutionGuid = {BD4280BE-226A-4639-9A6F-6CD805462D9A}
	EndGlobalSection
EndGlobal
